
Microsoft Visual Studio Solution File, Format Version 12.00
# Visual Studio 2012
Project("{FAE04EC0-301F-11D3-BF4B-00C04F79EFBC}") = "WhoIsCalling", "WhoIsCalling\WhoIsCalling.csproj", "{45A31F1D-8B3D-48C7-815B-9722201BA3EC}"
EndProject
Global
	GlobalSection(SolutionConfigurationPlatforms) = preSolution
		Debug|Any CPU = Debug|Any CPU
		Release|Any CPU = Release|Any CPU
	EndGlobalSection
	GlobalSection(ProjectConfigurationPlatforms) = postSolution
		{45A31F1D-8B3D-48C7-815B-9722201BA3EC}.Debug|Any CPU.ActiveCfg = Debug|Any CPU
		{45A31F1D-8B3D-48C7-815B-9722201BA3EC}.Debug|Any CPU.Build.0 = Debug|Any CPU
		{45A31F1D-8B3D-48C7-815B-9722201BA3EC}.Release|Any CPU.ActiveCfg = Release|Any CPU
		{45A31F1D-8B3D-48C7-815B-9722201BA3EC}.Release|Any CPU.Build.0 = Release|Any CPU
	EndGlobalSection
	GlobalSection(SolutionProperties) = preSolution
		HideSolutionNode = FALSE
	EndGlobalSection
EndGlobal
